
Microsoft Visual Studio Solution File, Format Version 12.00
# Visual Studio Version 17
VisualStudioVersion = 17.3.32825.248
MinimumVisualStudioVersion = 10.0.40219.1
Project("{FAE04EC0-301F-11D3-BF4B-00C04F79EFBC}") = "ConstructorAssignment", "ConstructorAssignment\ConstructorAssignment.csproj", "{B3F57D6C-DCDD-4013-88E6-A868AFAF40A6}"
EndProject
Global
	GlobalSection(SolutionConfigurationPlatforms) = preSolution
		Debug|Any CPU = Debug|Any CPU
		Release|Any CPU = Release|Any CPU
	EndGlobalSection
	GlobalSection(ProjectConfigurationPlatforms) = postSolution
		{B3F57D6C-DCDD-4013-88E6-A868AFAF40A6}.Debug|Any CPU.ActiveCfg = Debug|Any CPU
		{B3F57D6C-DCDD-4013-88E6-A868AFAF40A6}.Debug|Any CPU.Build.0 = Debug|Any CPU
		{B3F57D6C-DCDD-4013-88E6-A868AFAF40A6}.Release|Any CPU.ActiveCfg = Release|Any CPU
		{B3F57D6C-DCDD-4013-88E6-A868AFAF40A6}.Release|Any CPU.Build.0 = Release|Any CPU
	EndGlobalSection
	GlobalSection(SolutionProperties) = preSolution
		HideSolutionNode = FALSE
	EndGlobalSection
	GlobalSection(ExtensibilityGlobals) = postSolution
		SolutionGuid = {A22EF3C7-4468-4C5A-9EBB-C4FE0D9AA8CE}
	EndGlobalSection
EndGlobal
