
Microsoft Visual Studio Solution File, Format Version 12.00
# Visual Studio Version 17
VisualStudioVersion = 17.3.32825.248
MinimumVisualStudioVersion = 10.0.40219.1
Project("{FAE04EC0-301F-11D3-BF4B-00C04F79EFBC}") = "TwentyOne", "TwentyOne\TwentyOne.csproj", "{B598B8C2-BACA-49A5-8000-51036B7383AA}"
EndProject
Global
	GlobalSection(SolutionConfigurationPlatforms) = preSolution
		Debug|Any CPU = Debug|Any CPU
		Release|Any CPU = Release|Any CPU
	EndGlobalSection
	GlobalSection(ProjectConfigurationPlatforms) = postSolution
		{B598B8C2-BACA-49A5-8000-51036B7383AA}.Debug|Any CPU.ActiveCfg = Debug|Any CPU
		{B598B8C2-BACA-49A5-8000-51036B7383AA}.Debug|Any CPU.Build.0 = Debug|Any CPU
		{B598B8C2-BACA-49A5-8000-51036B7383AA}.Release|Any CPU.ActiveCfg = Release|Any CPU
		{B598B8C2-BACA-49A5-8000-51036B7383AA}.Release|Any CPU.Build.0 = Release|Any CPU
	EndGlobalSection
	GlobalSection(SolutionProperties) = preSolution
		HideSolutionNode = FALSE
	EndGlobalSection
	GlobalSection(ExtensibilityGlobals) = postSolution
		SolutionGuid = {99E3E833-F99F-4EC0-B5EF-E63FBB9B8395}
	EndGlobalSection
EndGlobal
