
Microsoft Visual Studio Solution File, Format Version 12.00
# Visual Studio Version 17
VisualStudioVersion = 17.3.32825.248
MinimumVisualStudioVersion = 10.0.40219.1
Project("{FAE04EC0-301F-11D3-BF4B-00C04F79EFBC}") = "loops", "loops\loops.csproj", "{2FF4E263-1AF0-4690-B667-B9A1F022B472}"
EndProject
Global
	GlobalSection(SolutionConfigurationPlatforms) = preSolution
		Debug|Any CPU = Debug|Any CPU
		Release|Any CPU = Release|Any CPU
	EndGlobalSection
	GlobalSection(ProjectConfigurationPlatforms) = postSolution
		{2FF4E263-1AF0-4690-B667-B9A1F022B472}.Debug|Any CPU.ActiveCfg = Debug|Any CPU
		{2FF4E263-1AF0-4690-B667-B9A1F022B472}.Debug|Any CPU.Build.0 = Debug|Any CPU
		{2FF4E263-1AF0-4690-B667-B9A1F022B472}.Release|Any CPU.ActiveCfg = Release|Any CPU
		{2FF4E263-1AF0-4690-B667-B9A1F022B472}.Release|Any CPU.Build.0 = Release|Any CPU
	EndGlobalSection
	GlobalSection(SolutionProperties) = preSolution
		HideSolutionNode = FALSE
	EndGlobalSection
	GlobalSection(ExtensibilityGlobals) = postSolution
		SolutionGuid = {7727AFEB-52E8-43B6-94DF-60A17B902DF8}
	EndGlobalSection
EndGlobal
