
Microsoft Visual Studio Solution File, Format Version 12.00
# Visual Studio Version 17
VisualStudioVersion = 17.3.32825.248
MinimumVisualStudioVersion = 10.0.40219.1
Project("{FAE04EC0-301F-11D3-BF4B-00C04F79EFBC}") = "LAMBDA", "LAMBDA\LAMBDA.csproj", "{8A339236-3EF7-4995-8536-F99D8568D555}"
EndProject
Global
	GlobalSection(SolutionConfigurationPlatforms) = preSolution
		Debug|Any CPU = Debug|Any CPU
		Release|Any CPU = Release|Any CPU
	EndGlobalSection
	GlobalSection(ProjectConfigurationPlatforms) = postSolution
		{8A339236-3EF7-4995-8536-F99D8568D555}.Debug|Any CPU.ActiveCfg = Debug|Any CPU
		{8A339236-3EF7-4995-8536-F99D8568D555}.Debug|Any CPU.Build.0 = Debug|Any CPU
		{8A339236-3EF7-4995-8536-F99D8568D555}.Release|Any CPU.ActiveCfg = Release|Any CPU
		{8A339236-3EF7-4995-8536-F99D8568D555}.Release|Any CPU.Build.0 = Release|Any CPU
	EndGlobalSection
	GlobalSection(SolutionProperties) = preSolution
		HideSolutionNode = FALSE
	EndGlobalSection
	GlobalSection(ExtensibilityGlobals) = postSolution
		SolutionGuid = {301D7F1E-A6BE-419E-AC81-C039CF0B78A6}
	EndGlobalSection
EndGlobal
