
Microsoft Visual Studio Solution File, Format Version 12.00
# Visual Studio Version 17
VisualStudioVersion = 17.3.32825.248
MinimumVisualStudioVersion = 10.0.40219.1
Project("{FAE04EC0-301F-11D3-BF4B-00C04F79EFBC}") = "MainMethod", "MainMethod\MainMethod.csproj", "{FD9EA003-1E24-443C-B369-F2DA2FB46168}"
EndProject
Global
	GlobalSection(SolutionConfigurationPlatforms) = preSolution
		Debug|Any CPU = Debug|Any CPU
		Release|Any CPU = Release|Any CPU
	EndGlobalSection
	GlobalSection(ProjectConfigurationPlatforms) = postSolution
		{FD9EA003-1E24-443C-B369-F2DA2FB46168}.Debug|Any CPU.ActiveCfg = Debug|Any CPU
		{FD9EA003-1E24-443C-B369-F2DA2FB46168}.Debug|Any CPU.Build.0 = Debug|Any CPU
		{FD9EA003-1E24-443C-B369-F2DA2FB46168}.Release|Any CPU.ActiveCfg = Release|Any CPU
		{FD9EA003-1E24-443C-B369-F2DA2FB46168}.Release|Any CPU.Build.0 = Release|Any CPU
	EndGlobalSection
	GlobalSection(SolutionProperties) = preSolution
		HideSolutionNode = FALSE
	EndGlobalSection
	GlobalSection(ExtensibilityGlobals) = postSolution
		SolutionGuid = {FDDBBECF-E9C3-4342-8D8A-8E4720F70BD7}
	EndGlobalSection
EndGlobal
