
Microsoft Visual Studio Solution File, Format Version 12.00
# Visual Studio Version 17
VisualStudioVersion = 17.3.32825.248
MinimumVisualStudioVersion = 10.0.40219.1
Project("{FAE04EC0-301F-11D3-BF4B-00C04F79EFBC}") = "ConsoleApp4", "ConsoleApp4\ConsoleApp4.csproj", "{CBDAB417-C6C5-410F-AB27-1B35A9AA9F4B}"
EndProject
Global
	GlobalSection(SolutionConfigurationPlatforms) = preSolution
		Debug|Any CPU = Debug|Any CPU
		Release|Any CPU = Release|Any CPU
	EndGlobalSection
	GlobalSection(ProjectConfigurationPlatforms) = postSolution
		{CBDAB417-C6C5-410F-AB27-1B35A9AA9F4B}.Debug|Any CPU.ActiveCfg = Debug|Any CPU
		{CBDAB417-C6C5-410F-AB27-1B35A9AA9F4B}.Debug|Any CPU.Build.0 = Debug|Any CPU
		{CBDAB417-C6C5-410F-AB27-1B35A9AA9F4B}.Release|Any CPU.ActiveCfg = Release|Any CPU
		{CBDAB417-C6C5-410F-AB27-1B35A9AA9F4B}.Release|Any CPU.Build.0 = Release|Any CPU
	EndGlobalSection
	GlobalSection(SolutionProperties) = preSolution
		HideSolutionNode = FALSE
	EndGlobalSection
	GlobalSection(ExtensibilityGlobals) = postSolution
		SolutionGuid = {19125B9D-3418-4131-AB25-E22B5F8730C6}
	EndGlobalSection
EndGlobal
